# THIS IS AN AUTOGENERATED FILE. DO NOT EDIT THIS FILE DIRECTLY.
# yarn lockfile v1


"sbg-theme-bootstrap@https://gitpkg.now.sh/dimaslanjaka/static-blog-generator/themes/bootstrap?dev":
  version "1.0.0"
  resolved "https://gitpkg.now.sh/dimaslanjaka/static-blog-generator/themes/bootstrap?dev#f69a8c5003d7c3b666cadc362c723ea7fed65f13"

"sbg-theme-iridium@https://gitpkg.now.sh/dimaslanjaka/static-blog-generator/themes/iridium?dev":
  version "1.0.0"
  resolved "https://gitpkg.now.sh/dimaslanjaka/static-blog-generator/themes/iridium?dev#47fa309c337fb41eecb241bed385f755a19d9cd0"
  dependencies:
    skeljs "file:../../../../../../home/dimaslanjaka/.cache/yarn/v6/.tmp/944e388a19ca11460f24066a2c19a583/libs/skeljs"

"skeljs@file:../../../../../../home/dimaslanjaka/.cache/yarn/v6/.tmp/944e388a19ca11460f24066a2c19a583/libs/skeljs":
  version "3.0.2"
