# THIS IS AN AUTOGENERATED FILE. DO NOT EDIT THIS FILE DIRECTLY.
# yarn lockfile v1


"sbg-theme-bootstrap@file:./bootstrap":
  version "1.0.0"

"sbg-theme-iridium@file:./iridium":
  version "1.0.0"
  dependencies:
    skeljs "https://gitpkg.now.sh/dimaslanjaka/static-blog-generator/themes/iridium/libs/skeljs?dev"

"skeljs@https://gitpkg.now.sh/dimaslanjaka/static-blog-generator/themes/iridium/libs/skeljs?dev":
  version "3.0.2"
  resolved "https://gitpkg.now.sh/dimaslanjaka/static-blog-generator/themes/iridium/libs/skeljs?dev#7cb6e24903447e4048fc2fea6e499a7e39e017bb"
